
Microsoft Visual Studio Solution File, Format Version 12.00
# Visual Studio 2013
VisualStudioVersion = 12.0.40629.0
MinimumVisualStudioVersion = 10.0.40219.1
Project("{FAE04EC0-301F-11D3-BF4B-00C04F79EFBC}") = "RentOfCarsLibrary", "RentOfCarsLibrary\RentOfCarsLibrary.csproj", "{9BB92AEC-15E1-477B-8E87-AE01E78CBCD6}"
EndProject
Project("{FAE04EC0-301F-11D3-BF4B-00C04F79EFBC}") = "RentsOfCarsTests", "RentsOfCarsTests\RentsOfCarsTests.csproj", "{6D6D4EF8-DC13-4E7A-8984-05A0F745FECB}"
EndProject
Global
	GlobalSection(SolutionConfigurationPlatforms) = preSolution
		Debug|Any CPU = Debug|Any CPU
		Release|Any CPU = Release|Any CPU
	EndGlobalSection
	GlobalSection(ProjectConfigurationPlatforms) = postSolution
		{9BB92AEC-15E1-477B-8E87-AE01E78CBCD6}.Debug|Any CPU.ActiveCfg = Debug|Any CPU
		{9BB92AEC-15E1-477B-8E87-AE01E78CBCD6}.Debug|Any CPU.Build.0 = Debug|Any CPU
		{9BB92AEC-15E1-477B-8E87-AE01E78CBCD6}.Release|Any CPU.ActiveCfg = Release|Any CPU
		{9BB92AEC-15E1-477B-8E87-AE01E78CBCD6}.Release|Any CPU.Build.0 = Release|Any CPU
		{6D6D4EF8-DC13-4E7A-8984-05A0F745FECB}.Debug|Any CPU.ActiveCfg = Debug|Any CPU
		{6D6D4EF8-DC13-4E7A-8984-05A0F745FECB}.Debug|Any CPU.Build.0 = Debug|Any CPU
		{6D6D4EF8-DC13-4E7A-8984-05A0F745FECB}.Release|Any CPU.ActiveCfg = Release|Any CPU
		{6D6D4EF8-DC13-4E7A-8984-05A0F745FECB}.Release|Any CPU.Build.0 = Release|Any CPU
	EndGlobalSection
	GlobalSection(SolutionProperties) = preSolution
		HideSolutionNode = FALSE
	EndGlobalSection
EndGlobal
